
Microsoft Visual Studio Solution File, Format Version 12.00
# Visual Studio Version 17
VisualStudioVersion = 17.5.002.0
MinimumVisualStudioVersion = 10.0.40219.1
Project("{9A19103F-16F7-4668-BE54-9A1E7A4F7556}") = "graphQL", "graphQL.csproj", "{63C5F28B-AA3B-41EA-8D0E-057230A54DF9}"
EndProject
Global
	GlobalSection(SolutionConfigurationPlatforms) = preSolution
		Debug|Any CPU = Debug|Any CPU
		Release|Any CPU = Release|Any CPU
	EndGlobalSection
	GlobalSection(ProjectConfigurationPlatforms) = postSolution
		{63C5F28B-AA3B-41EA-8D0E-057230A54DF9}.Debug|Any CPU.ActiveCfg = Debug|Any CPU
		{63C5F28B-AA3B-41EA-8D0E-057230A54DF9}.Debug|Any CPU.Build.0 = Debug|Any CPU
		{63C5F28B-AA3B-41EA-8D0E-057230A54DF9}.Release|Any CPU.ActiveCfg = Release|Any CPU
		{63C5F28B-AA3B-41EA-8D0E-057230A54DF9}.Release|Any CPU.Build.0 = Release|Any CPU
	EndGlobalSection
	GlobalSection(SolutionProperties) = preSolution
		HideSolutionNode = FALSE
	EndGlobalSection
	GlobalSection(ExtensibilityGlobals) = postSolution
		SolutionGuid = {79CC1A1E-0B4C-4C12-8F36-D4F2B5742612}
	EndGlobalSection
EndGlobal
